
Microsoft Visual Studio Solution File, Format Version 12.00
# Visual Studio Version 17
VisualStudioVersion = 17.14.35906.104
MinimumVisualStudioVersion = 10.0.40219.1
Project("{FAE04EC0-301F-11D3-BF4B-00C04F79EFBC}") = "C#Learning", "C#Learning\C#Learning.csproj", "{07F3677B-995A-427A-9703-D4E46507C4BE}"
EndProject
Project("{FAE04EC0-301F-11D3-BF4B-00C04F79EFBC}") = "BankingProject", "BankingProject\BankingProject.csproj", "{2F8C75C8-E627-45C3-AF17-3483B3533A6B}"
EndProject
Project("{FAE04EC0-301F-11D3-BF4B-00C04F79EFBC}") = "SchoolManagement", "SchoolManagement\SchoolManagement.csproj", "{44569159-BBC0-4F25-8DA6-467FE6BCD762}"
EndProject
Project("{9A19103F-16F7-4668-BE54-9A1E7A4F7556}") = "EmployeeManagement", "Employee\EmployeeManagement.csproj", "{22E247DC-EB1B-4FA4-A767-009E442C1E9F}"
EndProject
Project("{FAE04EC0-301F-11D3-BF4B-00C04F79EFBC}") = "Assessment", "Assessment\Assessment.csproj", "{5A487944-D7E9-4A9E-9B11-8F5A42461193}"
EndProject
Global
	GlobalSection(SolutionConfigurationPlatforms) = preSolution
		Debug|Any CPU = Debug|Any CPU
		Release|Any CPU = Release|Any CPU
	EndGlobalSection
	GlobalSection(ProjectConfigurationPlatforms) = postSolution
		{07F3677B-995A-427A-9703-D4E46507C4BE}.Debug|Any CPU.ActiveCfg = Debug|Any CPU
		{07F3677B-995A-427A-9703-D4E46507C4BE}.Debug|Any CPU.Build.0 = Debug|Any CPU
		{07F3677B-995A-427A-9703-D4E46507C4BE}.Release|Any CPU.ActiveCfg = Release|Any CPU
		{07F3677B-995A-427A-9703-D4E46507C4BE}.Release|Any CPU.Build.0 = Release|Any CPU
		{2F8C75C8-E627-45C3-AF17-3483B3533A6B}.Debug|Any CPU.ActiveCfg = Debug|Any CPU
		{2F8C75C8-E627-45C3-AF17-3483B3533A6B}.Debug|Any CPU.Build.0 = Debug|Any CPU
		{2F8C75C8-E627-45C3-AF17-3483B3533A6B}.Release|Any CPU.ActiveCfg = Release|Any CPU
		{2F8C75C8-E627-45C3-AF17-3483B3533A6B}.Release|Any CPU.Build.0 = Release|Any CPU
		{44569159-BBC0-4F25-8DA6-467FE6BCD762}.Debug|Any CPU.ActiveCfg = Debug|Any CPU
		{44569159-BBC0-4F25-8DA6-467FE6BCD762}.Debug|Any CPU.Build.0 = Debug|Any CPU
		{44569159-BBC0-4F25-8DA6-467FE6BCD762}.Release|Any CPU.ActiveCfg = Release|Any CPU
		{44569159-BBC0-4F25-8DA6-467FE6BCD762}.Release|Any CPU.Build.0 = Release|Any CPU
		{22E247DC-EB1B-4FA4-A767-009E442C1E9F}.Debug|Any CPU.ActiveCfg = Debug|Any CPU
		{22E247DC-EB1B-4FA4-A767-009E442C1E9F}.Debug|Any CPU.Build.0 = Debug|Any CPU
		{22E247DC-EB1B-4FA4-A767-009E442C1E9F}.Release|Any CPU.ActiveCfg = Release|Any CPU
		{22E247DC-EB1B-4FA4-A767-009E442C1E9F}.Release|Any CPU.Build.0 = Release|Any CPU
		{5A487944-D7E9-4A9E-9B11-8F5A42461193}.Debug|Any CPU.ActiveCfg = Debug|Any CPU
		{5A487944-D7E9-4A9E-9B11-8F5A42461193}.Debug|Any CPU.Build.0 = Debug|Any CPU
		{5A487944-D7E9-4A9E-9B11-8F5A42461193}.Release|Any CPU.ActiveCfg = Release|Any CPU
		{5A487944-D7E9-4A9E-9B11-8F5A42461193}.Release|Any CPU.Build.0 = Release|Any CPU
	EndGlobalSection
	GlobalSection(SolutionProperties) = preSolution
		HideSolutionNode = FALSE
	EndGlobalSection
	GlobalSection(ExtensibilityGlobals) = postSolution
		SolutionGuid = {02E1DD50-E731-46E8-8E87-1FC40AA4BFDF}
	EndGlobalSection
EndGlobal
